
Microsoft Visual Studio Solution File, Format Version 12.00
# Visual Studio 15
VisualStudioVersion = 15.0.28010.2050
MinimumVisualStudioVersion = 10.0.40219.1
Project("{FAE04EC0-301F-11D3-BF4B-00C04F79EFBC}") = "Print-Binary-Tree-Left-View", "Print-Binary-Tree-Left-View\Print-Binary-Tree-Left-View.csproj", "{39D20298-8547-4145-8C1A-7AF39529976C}"
EndProject
Global
	GlobalSection(SolutionConfigurationPlatforms) = preSolution
		Debug|Any CPU = Debug|Any CPU
		Release|Any CPU = Release|Any CPU
	EndGlobalSection
	GlobalSection(ProjectConfigurationPlatforms) = postSolution
		{39D20298-8547-4145-8C1A-7AF39529976C}.Debug|Any CPU.ActiveCfg = Debug|Any CPU
		{39D20298-8547-4145-8C1A-7AF39529976C}.Debug|Any CPU.Build.0 = Debug|Any CPU
		{39D20298-8547-4145-8C1A-7AF39529976C}.Release|Any CPU.ActiveCfg = Release|Any CPU
		{39D20298-8547-4145-8C1A-7AF39529976C}.Release|Any CPU.Build.0 = Release|Any CPU
	EndGlobalSection
	GlobalSection(SolutionProperties) = preSolution
		HideSolutionNode = FALSE
	EndGlobalSection
	GlobalSection(ExtensibilityGlobals) = postSolution
		SolutionGuid = {6CC13DEC-6A43-4256-B42D-FC9B461D28F2}
	EndGlobalSection
EndGlobal
